PODS:
  - Nimble (6.0.1)
  - Quick (1.1.0)
  - Warrant (2.0)

DEPENDENCIES:
  - Nimble
  - Quick
  - Warrant (from `../`)

EXTERNAL SOURCES:
  Warrant:
    :path: "../"

SPEC CHECKSUMS:
  Nimble: 1527fd1bd2b4cf0636251a36bc8ab37e81da8347
  Quick: dafc587e21eed9f4cab3249b9f9015b0b7a7f71d
  Warrant: b8b26ebf06a8eb030c35a7e50a00aa797a45c64e

PODFILE CHECKSUM: 3f9405c4494fbff1db10649e3d29393b502e328a

COCOAPODS: 1.2.0
